
Microsoft Visual Studio Solution File, Format Version 12.00
# Visual Studio Version 17
VisualStudioVersion = 17.0.31903.59
MinimumVisualStudioVersion = 10.0.40219.1
Project("{FAE04EC0-301F-11D3-BF4B-00C04F79EFBC}") = "21880123_Week01", "21880123_Week01\21880123_Week01.csproj", "{9DEDCBC0-9184-498A-9BFB-82125A692445}"
EndProject
Project("{FAE04EC0-301F-11D3-BF4B-00C04F79EFBC}") = "RandomStudents", "..\BT4\RandomStudents\RandomStudents.csproj", "{789F0717-95F8-42B6-900E-6F825633004F}"
EndProject
Global
	GlobalSection(SolutionConfigurationPlatforms) = preSolution
		Debug|Any CPU = Debug|Any CPU
		Release|Any CPU = Release|Any CPU
	EndGlobalSection
	GlobalSection(SolutionProperties) = preSolution
		HideSolutionNode = FALSE
	EndGlobalSection
	GlobalSection(ProjectConfigurationPlatforms) = postSolution
		{9DEDCBC0-9184-498A-9BFB-82125A692445}.Debug|Any CPU.ActiveCfg = Debug|Any CPU
		{9DEDCBC0-9184-498A-9BFB-82125A692445}.Debug|Any CPU.Build.0 = Debug|Any CPU
		{9DEDCBC0-9184-498A-9BFB-82125A692445}.Release|Any CPU.ActiveCfg = Release|Any CPU
		{9DEDCBC0-9184-498A-9BFB-82125A692445}.Release|Any CPU.Build.0 = Release|Any CPU
		{789F0717-95F8-42B6-900E-6F825633004F}.Debug|Any CPU.ActiveCfg = Debug|Any CPU
		{789F0717-95F8-42B6-900E-6F825633004F}.Debug|Any CPU.Build.0 = Debug|Any CPU
		{789F0717-95F8-42B6-900E-6F825633004F}.Release|Any CPU.ActiveCfg = Release|Any CPU
		{789F0717-95F8-42B6-900E-6F825633004F}.Release|Any CPU.Build.0 = Release|Any CPU
	EndGlobalSection
EndGlobal
